// !$*UTF8*$!
{
	archiveVersion = 1;
	classes = {
	};
	objectVersion = 46;
	objects = {

/* Begin PBXBuildFile section */
		4D18505D1F6FE81500F772A8 /* AppDelegate.swift in Sources */ = {isa = PBXBuildFile; fileRef = 4D18505C1F6FE81500F772A8 /* AppDelegate.swift */; };
		4D18505F1F6FE81500F772A8 /* ViewController.swift in Sources */ = {isa = PBXBuildFile; fileRef = 4D18505E1F6FE81500F772A8 /* ViewController.swift */; };
		4D1850621F6FE81500F772A8 /* Main.storyboard in Resources */ = {isa = PBXBuildFile; fileRef = 4D1850601F6FE81500F772A8 /* Main.storyboard */; };
		4D1850641F6FE81500F772A8 /* Assets.xcassets in Resources */ = {isa = PBXBuildFile; fileRef = 4D1850631F6FE81500F772A8 /* Assets.xcassets */; };
		4D1850671F6FE81500F772A8 /* LaunchScreen.storyboard in Resources */ = {isa = PBXBuildFile; fileRef = 4D1850651F6FE81500F772A8 /* LaunchScreen.storyboard */; };
		4D1850721F6FE81500F772A8 /* testTests.swift in Sources */ = {isa = PBXBuildFile; fileRef = 4D1850711F6FE81500F772A8 /* testTests.swift */; };
/* End PBXBuildFile section */

/* Begin PBXContainerItemProxy section */
		4D18506E1F6FE81500F772A8 /* PBXContainerItemProxy */ = {
			isa = PBXContainerItemProxy;
			containerPortal = 4D1850511F6FE81500F772A8 /* Project object */;
			proxyType = 1;
			remoteGlobalIDString = 4D1850581F6FE81500F772A8;
			remoteInfo = test;
		};
/* End PBXContainerItemProxy section */

/* Begin PBXFileReference section */
		4D1850591F6FE81500F772A8 /* test.app */ = {isa = PBXFileReference; explicitFileType = wrapper.application; includeInIndex = 0; path = test.app; sourceTree = BUILT_PRODUCTS_DIR; };
		4D18505C1F6FE81500F772A8 /* AppDelegate.swift */ = {isa = PBXFileReference; lastKnownFileType = sourcecode.swift; path = AppDelegate.swift; sourceTree = "<group>"; };
		4D18505E1F6FE81500F772A8 /* ViewController.swift */ = {isa = PBXFileReference; lastKnownFileType = sourcecode.swift; path = ViewController.swift; sourceTree = "<group>"; };
		4D1850611F6FE81500F772A8 /* Base */ = {isa = PBXFileReference; lastKnownFileType = file.storyboard; name = Base; path = Base.lproj/Main.storyboard; sourceTree = "<group>"; };
		4D1850631F6FE81500F772A8 /* Assets.xcassets */ = {isa = PBXFileReference; lastKnownFileType = folder.assetcatalog; path = Assets.xcassets; sourceTree = "<group>"; };
		4D1850661F6FE81500F772A8 /* Base */ = {isa = PBXFileReference; lastKnownFileType = file.storyboard; name = Base; path = Base.lproj/LaunchScreen.storyboard; sourceTree = "<group>"; };
		4D1850681F6FE81500F772A8 /* Info.plist */ = {isa = PBXFileReference; lastKnownFileType = text.plist.xml; path = Info.plist; sourceTree = "<group>"; };
		4D18506D1F6FE81500F772A8 /* testTests.xctest */ = {isa = PBXFileReference; explicitFileType = wrapper.cfbundle; includeInIndex = 0; path = testTests.xctest; sourceTree = BUILT_PRODUCTS_DIR; };
		4D1850711F6FE81500F772A8 /* testTests.swift */ = {isa = PBXFileReference; lastKnownFileType = sourcecode.swift; path = testTests.swift; sourceTree = "<group>"; };
		4D1850731F6FE81500F772A8 /* Info.plist */ = {isa = PBXFileReference; lastKnownFileType = text.plist.xml; path = Info.plist; sourceTree = "<group>"; };
/* End PBXFileReference section */

/* Begin PBXFrameworksBuildPhase section */
		4D1850561F6FE81500F772A8 /* Frameworks */ = {
			isa = PBXFrameworksBuildPhase;
			buildActionMask = 2147483647;
			files = (
			);
			runOnlyForDeploymentPostprocessing = 0;
		};
		4D18506A1F6FE81500F772A8 /* Frameworks */ = {
			isa = PBXFrameworksBuildPhase;
			buildActionMask = 2147483647;
			files = (
			);
			runOnlyForDeploymentPostprocessing = 0;
		};
/* End PBXFrameworksBuildPhase section */

/* Begin PBXGroup section */
		4D1850501F6FE81500F772A8 = {
			isa = PBXGroup;
			children = (
				4D18505B1F6FE81500F772A8 /* test */,
				4D1850701F6FE81500F772A8 /* testTests */,
				4D18505A1F6FE81500F772A8 /* Products */,
			);
			sourceTree = "<group>";
		};
		4D18505A1F6FE81500F772A8 /* Products */ = {
			isa = PBXGroup;
			children = (
				4D1850591F6FE81500F772A8 /* test.app */,
				4D18506D1F6FE81500F772A8 /* testTests.xctest */,
			);
			name = Products;
			sourceTree = "<group>";
		};
		4D18505B1F6FE81500F772A8 /* test */ = {
			isa = PBXGroup;
			children = (
				4D18505C1F6FE81500F772A8 /* AppDelegate.swift */,
				4D18505E1F6FE81500F772A8 /* ViewController.swift */,
				4D1850601F6FE81500F772A8 /* Main.storyboard */,
				4D1850631F6FE81500F772A8 /* Assets.xcassets */,
				4D1850651F6FE81500F772A8 /* LaunchScreen.storyboard */,
				4D1850681F6FE81500F772A8 /* Info.plist */,
			);
			path = test;
			sourceTree = "<group>";
		};
		4D1850701F6FE81500F772A8 /* testTests */ = {
			isa = PBXGroup;
			children = (
				4D1850711F6FE81500F772A8 /* testTests.swift */,
				4D1850731F6FE81500F772A8 /* Info.plist */,
			);
			path = testTests;
			sourceTree = "<group>";
		};
/* End PBXGroup section */

/* Begin PBXNativeTarget section */
		4D1850581F6FE81500F772A8 /* test */ = {
			isa = PBXNativeTarget;
			buildConfigurationList = 4D1850761F6FE81500F772A8 /* Build configuration list for PBXNativeTarget "test" */;
			buildPhases = (
				4D1850551F6FE81500F772A8 /* Sources */,
				4D1850561F6FE81500F772A8 /* Frameworks */,
				4D1850571F6FE81500F772A8 /* Resources */,
			);
			buildRules = (
			);
			dependencies = (
			);
			name = test;
			productName = test;
			productReference = 4D1850591F6FE81500F772A8 /* test.app */;
			productType = "com.apple.product-type.application";
		};
		4D18506C1F6FE81500F772A8 /* testTests */ = {
			isa = PBXNativeTarget;
			buildConfigurationList = 4D1850791F6FE81500F772A8 /* Build configuration list for PBXNativeTarget "testTests" */;
			buildPhases = (
				4D1850691F6FE81500F772A8 /* Sources */,
				4D18506A1F6FE81500F772A8 /* Frameworks */,
				4D18506B1F6FE81500F772A8 /* Resources */,
			);
			buildRules = (
			);
			dependencies = (
				4D18506F1F6FE81500F772A8 /* PBXTargetDependency */,
			);
			name = testTests;
			productName = testTests;
			productReference = 4D18506D1F6FE81500F772A8 /* testTests.xctest */;
			productType = "com.apple.product-type.bundle.unit-test";
		};
/* End PBXNativeTarget section */

/* Begin PBXProject section */
		4D1850511F6FE81500F772A8 /* Project object */ = {
			isa = PBXProject;
			attributes = {
				LastSwiftUpdateCheck = 0830;
				LastUpgradeCheck = 0830;
				ORGANIZATIONNAME = jarson;
				TargetAttributes = {
					4D1850581F6FE81500F772A8 = {
						CreatedOnToolsVersion = 8.3.3;
						ProvisioningStyle = Automatic;
					};
					4D18506C1F6FE81500F772A8 = {
						CreatedOnToolsVersion = 8.3.3;
						ProvisioningStyle = Automatic;
						TestTargetID = 4D1850581F6FE81500F772A8;
					};
				};
			};
			buildConfigurationList = 4D1850541F6FE81500F772A8 /* Build configuration list for PBXProject "test" */;
			compatibilityVersion = "Xcode 3.2";
			developmentRegion = English;
			hasScannedForEncodings = 0;
			knownRegions = (
				en,
				Base,
			);
			mainGroup = 4D1850501F6FE81500F772A8;
			productRefGroup = 4D18505A1F6FE81500F772A8 /* Products */;
			projectDirPath = "";
			projectRoot = "";
			targets = (
				4D1850581F6FE81500F772A8 /* test */,
				4D18506C1F6FE81500F772A8 /* testTests */,
			);
		};
/* End PBXProject section */

/* Begin PBXResourcesBuildPhase section */
		4D1850571F6FE81500F772A8 /* Resources */ = {
			isa = PBXResourcesBuildPhase;
			buildActionMask = 2147483647;
			files = (
				4D1850671F6FE81500F772A8 /* LaunchScreen.storyboard in Resources */,
				4D1850641F6FE81500F772A8 /* Assets.xcassets in Resources */,
				4D1850621F6FE81500F772A8 /* Main.storyboard in Resources */,
			);
			runOnlyForDeploymentPostprocessing = 0;
		};
		4D18506B1F6FE81500F772A8 /* Resources */ = {
			isa = PBXResourcesBuildPhase;
			buildActionMask = 2147483647;
			files = (
			);
			runOnlyForDeploymentPostprocessing = 0;
		};
/* End PBXResourcesBuildPhase section */

/* Begin PBXSourcesBuildPhase section */
		4D1850551F6FE81500F772A8 /* Sources */ = {
			isa = PBXSourcesBuildPhase;
			buildActionMask = 2147483647;
			files = (
				4D18505F1F6FE81500F772A8 /* ViewController.swift in Sources */,
				4D18505D1F6FE81500F772A8 /* AppDelegate.swift in Sources */,
			);
			runOnlyForDeploymentPostprocessing = 0;
		};
		4D1850691F6FE81500F772A8 /* Sources */ = {
			isa = PBXSourcesBuildPhase;
			buildActionMask = 2147483647;
			files = (
				4D1850721F6FE81500F772A8 /* testTests.swift in Sources */,
			);
			runOnlyForDeploymentPostprocessing = 0;
		};
/* End PBXSourcesBuildPhase section */

/* Begin PBXTargetDependency section */
		4D18506F1F6FE81500F772A8 /* PBXTargetDependency */ = {
			isa = PBXTargetDependency;
			target = 4D1850581F6FE81500F772A8 /* test */;
			targetProxy = 4D18506E1F6FE81500F772A8 /* PBXContainerItemProxy */;
		};
/* End PBXTargetDependency section */

/* Begin PBXVariantGroup section */
		4D1850601F6FE81500F772A8 /* Main.storyboard */ = {
			isa = PBXVariantGroup;
			children = (
				4D1850611F6FE81500F772A8 /* Base */,
			);
			name = Main.storyboard;
			sourceTree = "<group>";
		};
		4D1850651F6FE81500F772A8 /* LaunchScreen.storyboard */ = {
			isa = PBXVariantGroup;
			children = (
				4D1850661F6FE81500F772A8 /* Base */,
			);
			name = LaunchScreen.storyboard;
			sourceTree = "<group>";
		};
/* End PBXVariantGroup section */

/* Begin XCBuildConfiguration section */
		4D1850741F6FE81500F772A8 /* Debug */ = {
			isa = XCBuildConfiguration;
			buildSettings = {
				ALWAYS_SEARCH_USER_PATHS = NO;
				CLANG_ANALYZER_NONNULL = YES;
				CLANG_ANALYZER_NUMBER_OBJECT_CONVERSION = YES_AGGRESSIVE;
				CLANG_CXX_LANGUAGE_STANDARD = "gnu++0x";
				CLANG_CXX_LIBRARY = "libc++";
				CLANG_ENABLE_MODULES = YES;
				CLANG_ENABLE_OBJC_ARC = YES;
				CLANG_WARN_BOOL_CONVERSION = YES;
				CLANG_WARN_CONSTANT_CONVERSION = YES;
				CLANG_WARN_DIRECT_OBJC_ISA_USAGE = YES_ERROR;
				CLANG_WARN_DOCUMENTATION_COMMENTS = YES;
				CLANG_WARN_EMPTY_BODY = YES;
				CLANG_WARN_ENUM_CONVERSION = YES;
				CLANG_WARN_INFINITE_RECURSION = YES;
				CLANG_WARN_INT_CONVERSION = YES;
				CLANG_WARN_OBJC_ROOT_CLASS = YES_ERROR;
				CLANG_WARN_SUSPICIOUS_MOVE = YES;
				CLANG_WARN_UNREACHABLE_CODE = YES;
				CLANG_WARN__DUPLICATE_METHOD_MATCH = YES;
				"CODE_SIGN_IDENTITY[sdk=iphoneos*]" = "iPhone Developer";
				COPY_PHASE_STRIP = NO;
				DEBUG_INFORMATION_FORMAT = dwarf;
				ENABLE_STRICT_OBJC_MSGSEND = YES;
				ENABLE_TESTABILITY = YES;
				GCC_C_LANGUAGE_STANDARD = gnu99;
				GCC_DYNAMIC_NO_PIC = NO;
				GCC_NO_COMMON_BLOCKS = YES;
				GCC_OPTIMIZATION_LEVEL = 0;
				GCC_PREPROCESSOR_DEFINITIONS = (
					"DEBUG=1",
					"$(inherited)",
				);
				GCC_WARN_64_TO_32_BIT_CONVERSION = YES;
				GCC_WARN_ABOUT_RETURN_TYPE = YES_ERROR;
				GCC_WARN_UNDECLARED_SELECTOR = YES;
				GCC_WARN_UNINITIALIZED_AUTOS = YES_AGGRESSIVE;
				GCC_WARN_UNUSED_FUNCTION = YES;
				GCC_WARN_UNUSED_VARIABLE = YES;
				IPHONEOS_DEPLOYMENT_TARGET = 10.3;
				MTL_ENABLE_DEBUG_INFO = YES;
				ONLY_ACTIVE_ARCH = YES;
				SDKROOT = iphoneos;
				SWIFT_ACTIVE_COMPILATION_CONDITIONS = DEBUG;
				SWIFT_OPTIMIZATION_LEVEL = "-Onone";
				TARGETED_DEVICE_FAMILY = "1,2";
			};
			name = Debug;
		};
		4D1850751F6FE81500F772A8 /* Release */ = {
			isa = XCBuildConfiguration;
			buildSettings = {
				ALWAYS_SEARCH_USER_PATHS = NO;
				CLANG_ANALYZER_NONNULL = YES;
				CLANG_ANALYZER_NUMBER_OBJECT_CONVERSION = YES_AGGRESSIVE;
				CLANG_CXX_LANGUAGE_STANDARD = "gnu++0x";
				CLANG_CXX_LIBRARY = "libc++";
				CLANG_ENABLE_MODULES = YES;
				CLANG_ENABLE_OBJC_ARC = YES;
				CLANG_WARN_BOOL_CONVERSION = YES;
				CLANG_WARN_CONSTANT_CONVERSION = YES;
				CLANG_WARN_DIRECT_OBJC_ISA_USAGE = YES_ERROR;
				CLANG_WARN_DOCUMENTATION_COMMENTS = YES;
				CLANG_WARN_EMPTY_BODY = YES;
				CLANG_WARN_ENUM_CONVERSION = YES;
				CLANG_WARN_INFINITE_RECURSION = YES;
				CLANG_WARN_INT_CONVERSION = YES;
				CLANG_WARN_OBJC_ROOT_CLASS = YES_ERROR;
				CLANG_WARN_SUSPICIOUS_MOVE = YES;
				CLANG_WARN_UNREACHABLE_CODE = YES;
				CLANG_WARN__DUPLICATE_METHOD_MATCH = YES;
				"CODE_SIGN_IDENTITY[sdk=iphoneos*]" = "iPhone Developer";
				COPY_PHASE_STRIP = NO;
				DEBUG_INFORMATION_FORMAT = "dwarf-with-dsym";
				ENABLE_NS_ASSERTIONS = NO;
				ENABLE_STRICT_OBJC_MSGSEND = YES;
				GCC_C_LANGUAGE_STANDARD = gnu99;
				GCC_NO_COMMON_BLOCKS = YES;
				GCC_WARN_64_TO_32_BIT_CONVERSION = YES;
				GCC_WARN_ABOUT_RETURN_TYPE = YES_ERROR;
				GCC_WARN_UNDECLARED_SELECTOR = YES;
				GCC_WARN_UNINITIALIZED_AUTOS = YES_AGGRESSIVE;
				GCC_WARN_UNUSED_FUNCTION = YES;
				GCC_WARN_UNUSED_VARIABLE = YES;
				IPHONEOS_DEPLOYMENT_TARGET = 10.3;
				MTL_ENABLE_DEBUG_INFO = NO;
				SDKROOT = iphoneos;
				SWIFT_OPTIMIZATION_LEVEL = "-Owholemodule";
				TARGETED_DEVICE_FAMILY = "1,2";
				VALIDATE_PRODUCT = YES;
			};
			name = Release;
		};
		4D1850771F6FE81500F772A8 /* Debug */ = {
			isa = XCBuildConfiguration;
			buildSettings = {
				ASSETCATALOG_COMPILER_APPICON_NAME = AppIcon;
				INFOPLIST_FILE = test/Info.plist;
				LD_RUNPATH_SEARCH_PATHS = "$(inherited) @executable_path/Frameworks";
				PRODUCT_BUNDLE_IDENTIFIER = cn.edu.nju.test;
				PRODUCT_NAME = "$(TARGET_NAME)";
				SWIFT_VERSION = 3.0;
			};
			name = Debug;
		};
		4D1850781F6FE81500F772A8 /* Release */ = {
			isa = XCBuildConfiguration;
			buildSettings = {
				ASSETCATALOG_COMPILER_APPICON_NAME = AppIcon;
				INFOPLIST_FILE = test/Info.plist;
				LD_RUNPATH_SEARCH_PATHS = "$(inherited) @executable_path/Frameworks";
				PRODUCT_BUNDLE_IDENTIFIER = cn.edu.nju.test;
				PRODUCT_NAME = "$(TARGET_NAME)";
				SWIFT_VERSION = 3.0;
			};
			name = Release;
		};
		4D18507A1F6FE81500F772A8 /* Debug */ = {
			isa = XCBuildConfiguration;
			buildSettings = {
				ALWAYS_EMBED_SWIFT_STANDARD_LIBRARIES = YES;
				BUNDLE_LOADER = "$(TEST_HOST)";
				INFOPLIST_FILE = testTests/Info.plist;
				LD_RUNPATH_SEARCH_PATHS = "$(inherited) @executable_path/Frameworks @loader_path/Frameworks";
				PRODUCT_BUNDLE_IDENTIFIER = cn.edu.nju.testTests;
				PRODUCT_NAME = "$(TARGET_NAME)";
				SWIFT_VERSION = 3.0;
				TEST_HOST = "$(BUILT_PRODUCTS_DIR)/test.app/test";
			};
			name = Debug;
		};
		4D18507B1F6FE81500F772A8 /* Release */ = {
			isa = XCBuildConfiguration;
			buildSettings = {
				ALWAYS_EMBED_SWIFT_STANDARD_LIBRARIES = YES;
				BUNDLE_LOADER = "$(TEST_HOST)";
				INFOPLIST_FILE = testTests/Info.plist;
				LD_RUNPATH_SEARCH_PATHS = "$(inherited) @executable_path/Frameworks @loader_path/Frameworks";
				PRODUCT_BUNDLE_IDENTIFIER = cn.edu.nju.testTests;
				PRODUCT_NAME = "$(TARGET_NAME)";
				SWIFT_VERSION = 3.0;
				TEST_HOST = "$(BUILT_PRODUCTS_DIR)/test.app/test";
			};
			name = Release;
		};
/* End XCBuildConfiguration section */

/* Begin XCConfigurationList section */
		4D1850541F6FE81500F772A8 /* Build configuration list for PBXProject "test" */ = {
			isa = XCConfigurationList;
			buildConfigurations = (
				4D1850741F6FE81500F772A8 /* Debug */,
				4D1850751F6FE81500F772A8 /* Release */,
			);
			defaultConfigurationIsVisible = 0;
			defaultConfigurationName = Release;
		};
		4D1850761F6FE81500F772A8 /* Build configuration list for PBXNativeTarget "test" */ = {
			isa = XCConfigurationList;
			buildConfigurations = (
				4D1850771F6FE81500F772A8 /* Debug */,
				4D1850781F6FE81500F772A8 /* Release */,
			);
			defaultConfigurationIsVisible = 0;
		};
		4D1850791F6FE81500F772A8 /* Build configuration list for PBXNativeTarget "testTests" */ = {
			isa = XCConfigurationList;
			buildConfigurations = (
				4D18507A1F6FE81500F772A8 /* Debug */,
				4D18507B1F6FE81500F772A8 /* Release */,
			);
			defaultConfigurationIsVisible = 0;
		};
/* End XCConfigurationList section */
	};
	rootObject = 4D1850511F6FE81500F772A8 /* Project object */;
}
